// !$*UTF8*$!
{
	archiveVersion = 1;
	classes = {
	};
	objectVersion = 46;
	objects = {

/* Begin PBXBuildFile section */
		C277475A1CCF7E9500779C2A /* HistoryContainer.swift in Sources */ = {isa = PBXBuildFile; fileRef = C27747591CCF7E9500779C2A /* HistoryContainer.swift */; };
		C277475E1CCF819D00779C2A /* HistoryViewController.swift in Sources */ = {isa = PBXBuildFile; fileRef = C277475D1CCF819D00779C2A /* HistoryViewController.swift */; };
		C2DE63811CCB104C002A0C22 /* AppDelegate.swift in Sources */ = {isa = PBXBuildFile; fileRef = C2DE63801CCB104C002A0C22 /* AppDelegate.swift */; };
		C2DE63831CCB104C002A0C22 /* ViewController.swift in Sources */ = {isa = PBXBuildFile; fileRef = C2DE63821CCB104C002A0C22 /* ViewController.swift */; };
		C2DE63861CCB104D002A0C22 /* Main.storyboard in Resources */ = {isa = PBXBuildFile; fileRef = C2DE63841CCB104D002A0C22 /* Main.storyboard */; };
		C2DE63881CCB104D002A0C22 /* Assets.xcassets in Resources */ = {isa = PBXBuildFile; fileRef = C2DE63871CCB104D002A0C22 /* Assets.xcassets */; };
		C2DE638B1CCB104D002A0C22 /* LaunchScreen.storyboard in Resources */ = {isa = PBXBuildFile; fileRef = C2DE63891CCB104D002A0C22 /* LaunchScreen.storyboard */; };
		C2DE63961CCB104D002A0C22 /* simple_calcTests.swift in Sources */ = {isa = PBXBuildFile; fileRef = C2DE63951CCB104D002A0C22 /* simple_calcTests.swift */; };
		C2DE63A11CCB104D002A0C22 /* simple_calcUITests.swift in Sources */ = {isa = PBXBuildFile; fileRef = C2DE63A01CCB104D002A0C22 /* simple_calcUITests.swift */; };
/* End PBXBuildFile section */

/* Begin PBXContainerItemProxy section */
		C2DE63921CCB104D002A0C22 /* PBXContainerItemProxy */ = {
			isa = PBXContainerItemProxy;
			containerPortal = C2DE63751CCB104C002A0C22 /* Project object */;
			proxyType = 1;
			remoteGlobalIDString = C2DE637C1CCB104C002A0C22;
			remoteInfo = "simple-calc";
		};
		C2DE639D1CCB104D002A0C22 /* PBXContainerItemProxy */ = {
			isa = PBXContainerItemProxy;
			containerPortal = C2DE63751CCB104C002A0C22 /* Project object */;
			proxyType = 1;
			remoteGlobalIDString = C2DE637C1CCB104C002A0C22;
			remoteInfo = "simple-calc";
		};
/* End PBXContainerItemProxy section */

/* Begin PBXFileReference section */
		C27747591CCF7E9500779C2A /* HistoryContainer.swift */ = {isa = PBXFileReference; fileEncoding = 4; lastKnownFileType = sourcecode.swift; path = HistoryContainer.swift; sourceTree = "<group>"; };
		C277475D1CCF819D00779C2A /* HistoryViewController.swift */ = {isa = PBXFileReference; fileEncoding = 4; lastKnownFileType = sourcecode.swift; path = HistoryViewController.swift; sourceTree = "<group>"; };
		C2DE637D1CCB104C002A0C22 /* simple-calc.app */ = {isa = PBXFileReference; explicitFileType = wrapper.application; includeInIndex = 0; path = "simple-calc.app"; sourceTree = BUILT_PRODUCTS_DIR; };
		C2DE63801CCB104C002A0C22 /* AppDelegate.swift */ = {isa = PBXFileReference; lastKnownFileType = sourcecode.swift; path = AppDelegate.swift; sourceTree = "<group>"; };
		C2DE63821CCB104C002A0C22 /* ViewController.swift */ = {isa = PBXFileReference; lastKnownFileType = sourcecode.swift; path = ViewController.swift; sourceTree = "<group>"; };
		C2DE63851CCB104D002A0C22 /* Base */ = {isa = PBXFileReference; lastKnownFileType = file.storyboard; name = Base; path = Base.lproj/Main.storyboard; sourceTree = "<group>"; };
		C2DE63871CCB104D002A0C22 /* Assets.xcassets */ = {isa = PBXFileReference; lastKnownFileType = folder.assetcatalog; path = Assets.xcassets; sourceTree = "<group>"; };
		C2DE638A1CCB104D002A0C22 /* Base */ = {isa = PBXFileReference; lastKnownFileType = file.storyboard; name = Base; path = Base.lproj/LaunchScreen.storyboard; sourceTree = "<group>"; };
		C2DE638C1CCB104D002A0C22 /* Info.plist */ = {isa = PBXFileReference; lastKnownFileType = text.plist.xml; path = Info.plist; sourceTree = "<group>"; };
		C2DE63911CCB104D002A0C22 /* simple-calcTests.xctest */ = {isa = PBXFileReference; explicitFileType = wrapper.cfbundle; includeInIndex = 0; path = "simple-calcTests.xctest"; sourceTree = BUILT_PRODUCTS_DIR; };
		C2DE63951CCB104D002A0C22 /* simple_calcTests.swift */ = {isa = PBXFileReference; lastKnownFileType = sourcecode.swift; path = simple_calcTests.swift; sourceTree = "<group>"; };
		C2DE63971CCB104D002A0C22 /* Info.plist */ = {isa = PBXFileReference; lastKnownFileType = text.plist.xml; path = Info.plist; sourceTree = "<group>"; };
		C2DE639C1CCB104D002A0C22 /* simple-calcUITests.xctest */ = {isa = PBXFileReference; explicitFileType = wrapper.cfbundle; includeInIndex = 0; path = "simple-calcUITests.xctest"; sourceTree = BUILT_PRODUCTS_DIR; };
		C2DE63A01CCB104D002A0C22 /* simple_calcUITests.swift */ = {isa = PBXFileReference; lastKnownFileType = sourcecode.swift; path = simple_calcUITests.swift; sourceTree = "<group>"; };
		C2DE63A21CCB104D002A0C22 /* Info.plist */ = {isa = PBXFileReference; lastKnownFileType = text.plist.xml; path = Info.plist; sourceTree = "<group>"; };
/* End PBXFileReference section */

/* Begin PBXFrameworksBuildPhase section */
		C2DE637A1CCB104C002A0C22 /* Frameworks */ = {
			isa = PBXFrameworksBuildPhase;
			buildActionMask = 2147483647;
			files = (
			);
			runOnlyForDeploymentPostprocessing = 0;
		};
		C2DE638E1CCB104D002A0C22 /* Frameworks */ = {
			isa = PBXFrameworksBuildPhase;
			buildActionMask = 2147483647;
			files = (
			);
			runOnlyForDeploymentPostprocessing = 0;
		};
		C2DE63991CCB104D002A0C22 /* Frameworks */ = {
			isa = PBXFrameworksBuildPhase;
			buildActionMask = 2147483647;
			files = (
			);
			runOnlyForDeploymentPostprocessing = 0;
		};
/* End PBXFrameworksBuildPhase section */

/* Begin PBXGroup section */
		C2DE63741CCB104C002A0C22 = {
			isa = PBXGroup;
			children = (
				C2DE637F1CCB104C002A0C22 /* simple-calc */,
				C2DE63941CCB104D002A0C22 /* simple-calcTests */,
				C2DE639F1CCB104D002A0C22 /* simple-calcUITests */,
				C2DE637E1CCB104C002A0C22 /* Products */,
			);
			sourceTree = "<group>";
		};
		C2DE637E1CCB104C002A0C22 /* Products */ = {
			isa = PBXGroup;
			children = (
				C2DE637D1CCB104C002A0C22 /* simple-calc.app */,
				C2DE63911CCB104D002A0C22 /* simple-calcTests.xctest */,
				C2DE639C1CCB104D002A0C22 /* simple-calcUITests.xctest */,
			);
			name = Products;
			sourceTree = "<group>";
		};
		C2DE637F1CCB104C002A0C22 /* simple-calc */ = {
			isa = PBXGroup;
			children = (
				C2DE63801CCB104C002A0C22 /* AppDelegate.swift */,
				C2DE63821CCB104C002A0C22 /* ViewController.swift */,
				C2DE63841CCB104D002A0C22 /* Main.storyboard */,
				C2DE63871CCB104D002A0C22 /* Assets.xcassets */,
				C2DE63891CCB104D002A0C22 /* LaunchScreen.storyboard */,
				C2DE638C1CCB104D002A0C22 /* Info.plist */,
				C27747591CCF7E9500779C2A /* HistoryContainer.swift */,
				C277475D1CCF819D00779C2A /* HistoryViewController.swift */,
			);
			path = "simple-calc";
			sourceTree = "<group>";
		};
		C2DE63941CCB104D002A0C22 /* simple-calcTests */ = {
			isa = PBXGroup;
			children = (
				C2DE63951CCB104D002A0C22 /* simple_calcTests.swift */,
				C2DE63971CCB104D002A0C22 /* Info.plist */,
			);
			path = "simple-calcTests";
			sourceTree = "<group>";
		};
		C2DE639F1CCB104D002A0C22 /* simple-calcUITests */ = {
			isa = PBXGroup;
			children = (
				C2DE63A01CCB104D002A0C22 /* simple_calcUITests.swift */,
				C2DE63A21CCB104D002A0C22 /* Info.plist */,
			);
			path = "simple-calcUITests";
			sourceTree = "<group>";
		};
/* End PBXGroup section */

/* Begin PBXNativeTarget section */
		C2DE637C1CCB104C002A0C22 /* simple-calc */ = {
			isa = PBXNativeTarget;
			buildConfigurationList = C2DE63A51CCB104D002A0C22 /* Build configuration list for PBXNativeTarget "simple-calc" */;
			buildPhases = (
				C2DE63791CCB104C002A0C22 /* Sources */,
				C2DE637A1CCB104C002A0C22 /* Frameworks */,
				C2DE637B1CCB104C002A0C22 /* Resources */,
			);
			buildRules = (
			);
			dependencies = (
			);
			name = "simple-calc";
			productName = "simple-calc";
			productReference = C2DE637D1CCB104C002A0C22 /* simple-calc.app */;
			productType = "com.apple.product-type.application";
		};
		C2DE63901CCB104D002A0C22 /* simple-calcTests */ = {
			isa = PBXNativeTarget;
			buildConfigurationList = C2DE63A81CCB104D002A0C22 /* Build configuration list for PBXNativeTarget "simple-calcTests" */;
			buildPhases = (
				C2DE638D1CCB104D002A0C22 /* Sources */,
				C2DE638E1CCB104D002A0C22 /* Frameworks */,
				C2DE638F1CCB104D002A0C22 /* Resources */,
			);
			buildRules = (
			);
			dependencies = (
				C2DE63931CCB104D002A0C22 /* PBXTargetDependency */,
			);
			name = "simple-calcTests";
			productName = "simple-calcTests";
			productReference = C2DE63911CCB104D002A0C22 /* simple-calcTests.xctest */;
			productType = "com.apple.product-type.bundle.unit-test";
		};
		C2DE639B1CCB104D002A0C22 /* simple-calcUITests */ = {
			isa = PBXNativeTarget;
			buildConfigurationList = C2DE63AB1CCB104D002A0C22 /* Build configuration list for PBXNativeTarget "simple-calcUITests" */;
			buildPhases = (
				C2DE63981CCB104D002A0C22 /* Sources */,
				C2DE63991CCB104D002A0C22 /* Frameworks */,
				C2DE639A1CCB104D002A0C22 /* Resources */,
			);
			buildRules = (
			);
			dependencies = (
				C2DE639E1CCB104D002A0C22 /* PBXTargetDependency */,
			);
			name = "simple-calcUITests";
			productName = "simple-calcUITests";
			productReference = C2DE639C1CCB104D002A0C22 /* simple-calcUITests.xctest */;
			productType = "com.apple.product-type.bundle.ui-testing";
		};
/* End PBXNativeTarget section */

/* Begin PBXProject section */
		C2DE63751CCB104C002A0C22 /* Project object */ = {
			isa = PBXProject;
			attributes = {
				LastSwiftUpdateCheck = 0730;
				LastUpgradeCheck = 0730;
				ORGANIZATIONNAME = "Barron, Brandon";
				TargetAttributes = {
					C2DE637C1CCB104C002A0C22 = {
						CreatedOnToolsVersion = 7.3;
						DevelopmentTeam = XPY98WF3KG;
					};
					C2DE63901CCB104D002A0C22 = {
						CreatedOnToolsVersion = 7.3;
						TestTargetID = C2DE637C1CCB104C002A0C22;
					};
					C2DE639B1CCB104D002A0C22 = {
						CreatedOnToolsVersion = 7.3;
						TestTargetID = C2DE637C1CCB104C002A0C22;
					};
				};
			};
			buildConfigurationList = C2DE63781CCB104C002A0C22 /* Build configuration list for PBXProject "simple-calc" */;
			compatibilityVersion = "Xcode 3.2";
			developmentRegion = English;
			hasScannedForEncodings = 0;
			knownRegions = (
				en,
				Base,
			);
			mainGroup = C2DE63741CCB104C002A0C22;
			productRefGroup = C2DE637E1CCB104C002A0C22 /* Products */;
			projectDirPath = "";
			projectRoot = "";
			targets = (
				C2DE637C1CCB104C002A0C22 /* simple-calc */,
				C2DE63901CCB104D002A0C22 /* simple-calcTests */,
				C2DE639B1CCB104D002A0C22 /* simple-calcUITests */,
			);
		};
/* End PBXProject section */

/* Begin PBXResourcesBuildPhase section */
		C2DE637B1CCB104C002A0C22 /* Resources */ = {
			isa = PBXResourcesBuildPhase;
			buildActionMask = 2147483647;
			files = (
				C2DE638B1CCB104D002A0C22 /* LaunchScreen.storyboard in Resources */,
				C2DE63881CCB104D002A0C22 /* Assets.xcassets in Resources */,
				C2DE63861CCB104D002A0C22 /* Main.storyboard in Resources */,
			);
			runOnlyForDeploymentPostprocessing = 0;
		};
		C2DE638F1CCB104D002A0C22 /* Resources */ = {
			isa = PBXResourcesBuildPhase;
			buildActionMask = 2147483647;
			files = (
			);
			runOnlyForDeploymentPostprocessing = 0;
		};
		C2DE639A1CCB104D002A0C22 /* Resources */ = {
			isa = PBXResourcesBuildPhase;
			buildActionMask = 2147483647;
			files = (
			);
			runOnlyForDeploymentPostprocessing = 0;
		};
/* End PBXResourcesBuildPhase section */

/* Begin PBXSourcesBuildPhase section */
		C2DE63791CCB104C002A0C22 /* Sources */ = {
			isa = PBXSourcesBuildPhase;
			buildActionMask = 2147483647;
			files = (
				C2DE63831CCB104C002A0C22 /* ViewController.swift in Sources */,
				C277475A1CCF7E9500779C2A /* HistoryContainer.swift in Sources */,
				C2DE63811CCB104C002A0C22 /* AppDelegate.swift in Sources */,
				C277475E1CCF819D00779C2A /* HistoryViewController.swift in Sources */,
			);
			runOnlyForDeploymentPostprocessing = 0;
		};
		C2DE638D1CCB104D002A0C22 /* Sources */ = {
			isa = PBXSourcesBuildPhase;
			buildActionMask = 2147483647;
			files = (
				C2DE63961CCB104D002A0C22 /* simple_calcTests.swift in Sources */,
			);
			runOnlyForDeploymentPostprocessing = 0;
		};
		C2DE63981CCB104D002A0C22 /* Sources */ = {
			isa = PBXSourcesBuildPhase;
			buildActionMask = 2147483647;
			files = (
				C2DE63A11CCB104D002A0C22 /* simple_calcUITests.swift in Sources */,
			);
			runOnlyForDeploymentPostprocessing = 0;
		};
/* End PBXSourcesBuildPhase section */

/* Begin PBXTargetDependency section */
		C2DE63931CCB104D002A0C22 /* PBXTargetDependency */ = {
			isa = PBXTargetDependency;
			target = C2DE637C1CCB104C002A0C22 /* simple-calc */;
			targetProxy = C2DE63921CCB104D002A0C22 /* PBXContainerItemProxy */;
		};
		C2DE639E1CCB104D002A0C22 /* PBXTargetDependency */ = {
			isa = PBXTargetDependency;
			target = C2DE637C1CCB104C002A0C22 /* simple-calc */;
			targetProxy = C2DE639D1CCB104D002A0C22 /* PBXContainerItemProxy */;
		};
/* End PBXTargetDependency section */

/* Begin PBXVariantGroup section */
		C2DE63841CCB104D002A0C22 /* Main.storyboard */ = {
			isa = PBXVariantGroup;
			children = (
				C2DE63851CCB104D002A0C22 /* Base */,
			);
			name = Main.storyboard;
			sourceTree = "<group>";
		};
		C2DE63891CCB104D002A0C22 /* LaunchScreen.storyboard */ = {
			isa = PBXVariantGroup;
			children = (
				C2DE638A1CCB104D002A0C22 /* Base */,
			);
			name = LaunchScreen.storyboard;
			sourceTree = "<group>";
		};
/* End PBXVariantGroup section */

/* Begin XCBuildConfiguration section */
		C2DE63A31CCB104D002A0C22 /* Debug */ = {
			isa = XCBuildConfiguration;
			buildSettings = {
				ALWAYS_SEARCH_USER_PATHS = NO;
				CLANG_ANALYZER_NONNULL = YES;
				CLANG_CXX_LANGUAGE_STANDARD = "gnu++0x";
				CLANG_CXX_LIBRARY = "libc++";
				CLANG_ENABLE_MODULES = YES;
				CLANG_ENABLE_OBJC_ARC = YES;
				CLANG_WARN_BOOL_CONVERSION = YES;
				CLANG_WARN_CONSTANT_CONVERSION = YES;
				CLANG_WARN_DIRECT_OBJC_ISA_USAGE = YES_ERROR;
				CLANG_WARN_EMPTY_BODY = YES;
				CLANG_WARN_ENUM_CONVERSION = YES;
				CLANG_WARN_INT_CONVERSION = YES;
				CLANG_WARN_OBJC_ROOT_CLASS = YES_ERROR;
				CLANG_WARN_UNREACHABLE_CODE = YES;
				CLANG_WARN__DUPLICATE_METHOD_MATCH = YES;
				"CODE_SIGN_IDENTITY[sdk=iphoneos*]" = "iPhone Developer";
				COPY_PHASE_STRIP = NO;
				DEBUG_INFORMATION_FORMAT = dwarf;
				ENABLE_STRICT_OBJC_MSGSEND = YES;
				ENABLE_TESTABILITY = YES;
				GCC_C_LANGUAGE_STANDARD = gnu99;
				GCC_DYNAMIC_NO_PIC = NO;
				GCC_NO_COMMON_BLOCKS = YES;
				GCC_OPTIMIZATION_LEVEL = 0;
				GCC_PREPROCESSOR_DEFINITIONS = (
					"DEBUG=1",
					"$(inherited)",
				);
				GCC_WARN_64_TO_32_BIT_CONVERSION = YES;
				GCC_WARN_ABOUT_RETURN_TYPE = YES_ERROR;
				GCC_WARN_UNDECLARED_SELECTOR = YES;
				GCC_WARN_UNINITIALIZED_AUTOS = YES_AGGRESSIVE;
				GCC_WARN_UNUSED_FUNCTION = YES;
				GCC_WARN_UNUSED_VARIABLE = YES;
				IPHONEOS_DEPLOYMENT_TARGET = 9.3;
				MTL_ENABLE_DEBUG_INFO = YES;
				ONLY_ACTIVE_ARCH = YES;
				SDKROOT = iphoneos;
				SWIFT_OPTIMIZATION_LEVEL = "-Onone";
				TARGETED_DEVICE_FAMILY = "1,2";
			};
			name = Debug;
		};
		C2DE63A41CCB104D002A0C22 /* Release */ = {
			isa = XCBuildConfiguration;
			buildSettings = {
				ALWAYS_SEARCH_USER_PATHS = NO;
				CLANG_ANALYZER_NONNULL = YES;
				CLANG_CXX_LANGUAGE_STANDARD = "gnu++0x";
				CLANG_CXX_LIBRARY = "libc++";
				CLANG_ENABLE_MODULES = YES;
				CLANG_ENABLE_OBJC_ARC = YES;
				CLANG_WARN_BOOL_CONVERSION = YES;
				CLANG_WARN_CONSTANT_CONVERSION = YES;
				CLANG_WARN_DIRECT_OBJC_ISA_USAGE = YES_ERROR;
				CLANG_WARN_EMPTY_BODY = YES;
				CLANG_WARN_ENUM_CONVERSION = YES;
				CLANG_WARN_INT_CONVERSION = YES;
				CLANG_WARN_OBJC_ROOT_CLASS = YES_ERROR;
				CLANG_WARN_UNREACHABLE_CODE = YES;
				CLANG_WARN__DUPLICATE_METHOD_MATCH = YES;
				"CODE_SIGN_IDENTITY[sdk=iphoneos*]" = "iPhone Developer";
				COPY_PHASE_STRIP = NO;
				DEBUG_INFORMATION_FORMAT = "dwarf-with-dsym";
				ENABLE_NS_ASSERTIONS = NO;
				ENABLE_STRICT_OBJC_MSGSEND = YES;
				GCC_C_LANGUAGE_STANDARD = gnu99;
				GCC_NO_COMMON_BLOCKS = YES;
				GCC_WARN_64_TO_32_BIT_CONVERSION = YES;
				GCC_WARN_ABOUT_RETURN_TYPE = YES_ERROR;
				GCC_WARN_UNDECLARED_SELECTOR = YES;
				GCC_WARN_UNINITIALIZED_AUTOS = YES_AGGRESSIVE;
				GCC_WARN_UNUSED_FUNCTION = YES;
				GCC_WARN_UNUSED_VARIABLE = YES;
				IPHONEOS_DEPLOYMENT_TARGET = 9.3;
				MTL_ENABLE_DEBUG_INFO = NO;
				SDKROOT = iphoneos;
				TARGETED_DEVICE_FAMILY = "1,2";
				VALIDATE_PRODUCT = YES;
			};
			name = Release;
		};
		C2DE63A61CCB104D002A0C22 /* Debug */ = {
			isa = XCBuildConfiguration;
			buildSettings = {
				ASSETCATALOG_COMPILER_APPICON_NAME = AppIcon;
				CODE_SIGN_IDENTITY = "iPhone Developer";
				"CODE_SIGN_IDENTITY[sdk=iphoneos*]" = "iPhone Developer";
				INFOPLIST_FILE = "simple-calc/Info.plist";
				IPHONEOS_DEPLOYMENT_TARGET = 9.0;
				LD_RUNPATH_SEARCH_PATHS = "$(inherited) @executable_path/Frameworks";
				PRODUCT_BUNDLE_IDENTIFIER = "info.498d.simple-calc";
				PRODUCT_NAME = "$(TARGET_NAME)";
				PROVISIONING_PROFILE = "";
				TARGETED_DEVICE_FAMILY = 1;
			};
			name = Debug;
		};
		C2DE63A71CCB104D002A0C22 /* Release */ = {
			isa = XCBuildConfiguration;
			buildSettings = {
				ASSETCATALOG_COMPILER_APPICON_NAME = AppIcon;
				CODE_SIGN_IDENTITY = "iPhone Developer";
				"CODE_SIGN_IDENTITY[sdk=iphoneos*]" = "iPhone Developer";
				INFOPLIST_FILE = "simple-calc/Info.plist";
				IPHONEOS_DEPLOYMENT_TARGET = 9.0;
				LD_RUNPATH_SEARCH_PATHS = "$(inherited) @executable_path/Frameworks";
				PRODUCT_BUNDLE_IDENTIFIER = "info.498d.simple-calc";
				PRODUCT_NAME = "$(TARGET_NAME)";
				PROVISIONING_PROFILE = "";
				TARGETED_DEVICE_FAMILY = 1;
			};
			name = Release;
		};
		C2DE63A91CCB104D002A0C22 /* Debug */ = {
			isa = XCBuildConfiguration;
			buildSettings = {
				BUNDLE_LOADER = "$(TEST_HOST)";
				INFOPLIST_FILE = "simple-calcTests/Info.plist";
				LD_RUNPATH_SEARCH_PATHS = "$(inherited) @executable_path/Frameworks @loader_path/Frameworks";
				PRODUCT_BUNDLE_IDENTIFIER = "info.498d.simple-calcTests";
				PRODUCT_NAME = "$(TARGET_NAME)";
				TEST_HOST = "$(BUILT_PRODUCTS_DIR)/simple-calc.app/simple-calc";
			};
			name = Debug;
		};
		C2DE63AA1CCB104D002A0C22 /* Release */ = {
			isa = XCBuildConfiguration;
			buildSettings = {
				BUNDLE_LOADER = "$(TEST_HOST)";
				INFOPLIST_FILE = "simple-calcTests/Info.plist";
				LD_RUNPATH_SEARCH_PATHS = "$(inherited) @executable_path/Frameworks @loader_path/Frameworks";
				PRODUCT_BUNDLE_IDENTIFIER = "info.498d.simple-calcTests";
				PRODUCT_NAME = "$(TARGET_NAME)";
				TEST_HOST = "$(BUILT_PRODUCTS_DIR)/simple-calc.app/simple-calc";
			};
			name = Release;
		};
		C2DE63AC1CCB104D002A0C22 /* Debug */ = {
			isa = XCBuildConfiguration;
			buildSettings = {
				INFOPLIST_FILE = "simple-calcUITests/Info.plist";
				LD_RUNPATH_SEARCH_PATHS = "$(inherited) @executable_path/Frameworks @loader_path/Frameworks";
				PRODUCT_BUNDLE_IDENTIFIER = "info.498d.simple-calcUITests";
				PRODUCT_NAME = "$(TARGET_NAME)";
				TEST_TARGET_NAME = "simple-calc";
			};
			name = Debug;
		};
		C2DE63AD1CCB104D002A0C22 /* Release */ = {
			isa = XCBuildConfiguration;
			buildSettings = {
				INFOPLIST_FILE = "simple-calcUITests/Info.plist";
				LD_RUNPATH_SEARCH_PATHS = "$(inherited) @executable_path/Frameworks @loader_path/Frameworks";
				PRODUCT_BUNDLE_IDENTIFIER = "info.498d.simple-calcUITests";
				PRODUCT_NAME = "$(TARGET_NAME)";
				TEST_TARGET_NAME = "simple-calc";
			};
			name = Release;
		};
/* End XCBuildConfiguration section */

/* Begin XCConfigurationList section */
		C2DE63781CCB104C002A0C22 /* Build configuration list for PBXProject "simple-calc" */ = {
			isa = XCConfigurationList;
			buildConfigurations = (
				C2DE63A31CCB104D002A0C22 /* Debug */,
				C2DE63A41CCB104D002A0C22 /* Release */,
			);
			defaultConfigurationIsVisible = 0;
			defaultConfigurationName = Release;
		};
		C2DE63A51CCB104D002A0C22 /* Build configuration list for PBXNativeTarget "simple-calc" */ = {
			isa = XCConfigurationList;
			buildConfigurations = (
				C2DE63A61CCB104D002A0C22 /* Debug */,
				C2DE63A71CCB104D002A0C22 /* Release */,
			);
			defaultConfigurationIsVisible = 0;
			defaultConfigurationName = Release;
		};
		C2DE63A81CCB104D002A0C22 /* Build configuration list for PBXNativeTarget "simple-calcTests" */ = {
			isa = XCConfigurationList;
			buildConfigurations = (
				C2DE63A91CCB104D002A0C22 /* Debug */,
				C2DE63AA1CCB104D002A0C22 /* Release */,
			);
			defaultConfigurationIsVisible = 0;
			defaultConfigurationName = Release;
		};
		C2DE63AB1CCB104D002A0C22 /* Build configuration list for PBXNativeTarget "simple-calcUITests" */ = {
			isa = XCConfigurationList;
			buildConfigurations = (
				C2DE63AC1CCB104D002A0C22 /* Debug */,
				C2DE63AD1CCB104D002A0C22 /* Release */,
			);
			defaultConfigurationIsVisible = 0;
			defaultConfigurationName = Release;
		};
/* End XCConfigurationList section */
	};
	rootObject = C2DE63751CCB104C002A0C22 /* Project object */;
}
